
Microsoft Visual Studio Solution File, Format Version 12.00
# Visual Studio Version 16
VisualStudioVersion = 16.0.28803.202
MinimumVisualStudioVersion = 10.0.40219.1
Project("{FAE04EC0-301F-11D3-BF4B-00C04F79EFBC}") = "XML_Test", "XML_Test\XML_Test.csproj", "{019E8D93-6F9D-4781-ADBB-5B78E048DAA8}"
EndProject
Global
	GlobalSection(SolutionConfigurationPlatforms) = preSolution
		Debug|Any CPU = Debug|Any CPU
		Release|Any CPU = Release|Any CPU
	EndGlobalSection
	GlobalSection(ProjectConfigurationPlatforms) = postSolution
		{019E8D93-6F9D-4781-ADBB-5B78E048DAA8}.Debug|Any CPU.ActiveCfg = Debug|Any CPU
		{019E8D93-6F9D-4781-ADBB-5B78E048DAA8}.Debug|Any CPU.Build.0 = Debug|Any CPU
		{019E8D93-6F9D-4781-ADBB-5B78E048DAA8}.Release|Any CPU.ActiveCfg = Release|Any CPU
		{019E8D93-6F9D-4781-ADBB-5B78E048DAA8}.Release|Any CPU.Build.0 = Release|Any CPU
	EndGlobalSection
	GlobalSection(SolutionProperties) = preSolution
		HideSolutionNode = FALSE
	EndGlobalSection
	GlobalSection(ExtensibilityGlobals) = postSolution
		SolutionGuid = {CA4934AC-E7BA-4FA2-80A2-8CF3BF91A08D}
	EndGlobalSection
EndGlobal
